
Microsoft Visual Studio Solution File, Format Version 12.00
# Visual Studio Version 17
VisualStudioVersion = 17.5.002.0
MinimumVisualStudioVersion = 10.0.40219.1
Project("{9A19103F-16F7-4668-BE54-9A1E7A4F7556}") = "Task1", "Task1\Task1.csproj", "{C8EC2C41-70C1-465B-BA3E-65A05C74D7C1}"
EndProject
Project("{9A19103F-16F7-4668-BE54-9A1E7A4F7556}") = "Task2", "Task2\Task2.csproj", "{DE4F818C-AB7E-4492-9812-437FCF75A6DF}"
EndProject
Project("{9A19103F-16F7-4668-BE54-9A1E7A4F7556}") = "Task3", "Task3\Task3.csproj", "{FF0B54E5-246D-46C7-8655-63D9CB8E5316}"
EndProject
Project("{9A19103F-16F7-4668-BE54-9A1E7A4F7556}") = "task4", "Task4\task4.csproj", "{91F8E201-AC15-45AE-82F6-1E1AE658226F}"
EndProject
Global
	GlobalSection(SolutionConfigurationPlatforms) = preSolution
		Debug|Any CPU = Debug|Any CPU
		Release|Any CPU = Release|Any CPU
	EndGlobalSection
	GlobalSection(ProjectConfigurationPlatforms) = postSolution
		{C8EC2C41-70C1-465B-BA3E-65A05C74D7C1}.Debug|Any CPU.ActiveCfg = Debug|Any CPU
		{C8EC2C41-70C1-465B-BA3E-65A05C74D7C1}.Debug|Any CPU.Build.0 = Debug|Any CPU
		{C8EC2C41-70C1-465B-BA3E-65A05C74D7C1}.Release|Any CPU.ActiveCfg = Release|Any CPU
		{C8EC2C41-70C1-465B-BA3E-65A05C74D7C1}.Release|Any CPU.Build.0 = Release|Any CPU
		{DE4F818C-AB7E-4492-9812-437FCF75A6DF}.Debug|Any CPU.ActiveCfg = Debug|Any CPU
		{DE4F818C-AB7E-4492-9812-437FCF75A6DF}.Debug|Any CPU.Build.0 = Debug|Any CPU
		{DE4F818C-AB7E-4492-9812-437FCF75A6DF}.Release|Any CPU.ActiveCfg = Release|Any CPU
		{DE4F818C-AB7E-4492-9812-437FCF75A6DF}.Release|Any CPU.Build.0 = Release|Any CPU
		{FF0B54E5-246D-46C7-8655-63D9CB8E5316}.Debug|Any CPU.ActiveCfg = Debug|Any CPU
		{FF0B54E5-246D-46C7-8655-63D9CB8E5316}.Debug|Any CPU.Build.0 = Debug|Any CPU
		{FF0B54E5-246D-46C7-8655-63D9CB8E5316}.Release|Any CPU.ActiveCfg = Release|Any CPU
		{FF0B54E5-246D-46C7-8655-63D9CB8E5316}.Release|Any CPU.Build.0 = Release|Any CPU
		{91F8E201-AC15-45AE-82F6-1E1AE658226F}.Debug|Any CPU.ActiveCfg = Debug|Any CPU
		{91F8E201-AC15-45AE-82F6-1E1AE658226F}.Debug|Any CPU.Build.0 = Debug|Any CPU
		{91F8E201-AC15-45AE-82F6-1E1AE658226F}.Release|Any CPU.ActiveCfg = Release|Any CPU
		{91F8E201-AC15-45AE-82F6-1E1AE658226F}.Release|Any CPU.Build.0 = Release|Any CPU
	EndGlobalSection
	GlobalSection(SolutionProperties) = preSolution
		HideSolutionNode = FALSE
	EndGlobalSection
	GlobalSection(ExtensibilityGlobals) = postSolution
		SolutionGuid = {295F0C60-1B04-4D7C-96E5-2024C80A66E8}
	EndGlobalSection
EndGlobal
